
Microsoft Visual Studio Solution File, Format Version 12.00
# Visual Studio Version 16
VisualStudioVersion = 16.0.31112.23
MinimumVisualStudioVersion = 10.0.40219.1
Project("{FAE04EC0-301F-11D3-BF4B-00C04F79EFBC}") = "Service for database", "Service for database\Service for database.csproj", "{E9DDC437-D029-4886-8CDC-14276199B35E}"
EndProject
Project("{FAE04EC0-301F-11D3-BF4B-00C04F79EFBC}") = "EntityLib", "EntityLib\EntityLib.csproj", "{47B9F58E-658E-496D-AB0E-9AE61AEE8585}"
EndProject
Project("{FAE04EC0-301F-11D3-BF4B-00C04F79EFBC}") = "Service for metabase", "Service for metabase\Service for metabase.csproj", "{0A2A4A9C-4E2D-404A-91CC-244BE5E2C12C}"
EndProject
Project("{FAE04EC0-301F-11D3-BF4B-00C04F79EFBC}") = "Db-service-copy", "Db-service-copy\Db-service-copy.csproj", "{0480DC05-1E2E-4AAA-BBBE-1C519C56FB7B}"
EndProject
Global
	GlobalSection(SolutionConfigurationPlatforms) = preSolution
		Debug|Any CPU = Debug|Any CPU
		Release|Any CPU = Release|Any CPU
	EndGlobalSection
	GlobalSection(ProjectConfigurationPlatforms) = postSolution
		{E9DDC437-D029-4886-8CDC-14276199B35E}.Debug|Any CPU.ActiveCfg = Debug|Any CPU
		{E9DDC437-D029-4886-8CDC-14276199B35E}.Debug|Any CPU.Build.0 = Debug|Any CPU
		{E9DDC437-D029-4886-8CDC-14276199B35E}.Release|Any CPU.ActiveCfg = Release|Any CPU
		{E9DDC437-D029-4886-8CDC-14276199B35E}.Release|Any CPU.Build.0 = Release|Any CPU
		{47B9F58E-658E-496D-AB0E-9AE61AEE8585}.Debug|Any CPU.ActiveCfg = Debug|Any CPU
		{47B9F58E-658E-496D-AB0E-9AE61AEE8585}.Debug|Any CPU.Build.0 = Debug|Any CPU
		{47B9F58E-658E-496D-AB0E-9AE61AEE8585}.Release|Any CPU.ActiveCfg = Release|Any CPU
		{47B9F58E-658E-496D-AB0E-9AE61AEE8585}.Release|Any CPU.Build.0 = Release|Any CPU
		{0A2A4A9C-4E2D-404A-91CC-244BE5E2C12C}.Debug|Any CPU.ActiveCfg = Debug|Any CPU
		{0A2A4A9C-4E2D-404A-91CC-244BE5E2C12C}.Debug|Any CPU.Build.0 = Debug|Any CPU
		{0A2A4A9C-4E2D-404A-91CC-244BE5E2C12C}.Release|Any CPU.ActiveCfg = Release|Any CPU
		{0A2A4A9C-4E2D-404A-91CC-244BE5E2C12C}.Release|Any CPU.Build.0 = Release|Any CPU
		{0480DC05-1E2E-4AAA-BBBE-1C519C56FB7B}.Debug|Any CPU.ActiveCfg = Debug|Any CPU
		{0480DC05-1E2E-4AAA-BBBE-1C519C56FB7B}.Debug|Any CPU.Build.0 = Debug|Any CPU
		{0480DC05-1E2E-4AAA-BBBE-1C519C56FB7B}.Release|Any CPU.ActiveCfg = Release|Any CPU
		{0480DC05-1E2E-4AAA-BBBE-1C519C56FB7B}.Release|Any CPU.Build.0 = Release|Any CPU
	EndGlobalSection
	GlobalSection(SolutionProperties) = preSolution
		HideSolutionNode = FALSE
	EndGlobalSection
	GlobalSection(ExtensibilityGlobals) = postSolution
		SolutionGuid = {77E9012E-C867-4FF4-AE15-1D2E8122A314}
	EndGlobalSection
EndGlobal
